
Microsoft Visual Studio Solution File, Format Version 12.00
# Visual Studio Version 17
VisualStudioVersion = 17.4.33110.190
MinimumVisualStudioVersion = 10.0.40219.1
Project("{9A19103F-16F7-4668-BE54-9A1E7A4F7556}") = "ComITProject.Web", "ComITProject.Web\ComITProject.Web.csproj", "{CCC59485-C2F9-4851-9E5A-9BFD49E8C294}"
EndProject
Project("{9A19103F-16F7-4668-BE54-9A1E7A4F7556}") = "ComITProject.Dal", "ComITProject.Dal\ComITProject.Dal.csproj", "{FA22365F-3003-4E4D-9CB8-D9436C3352DC}"
EndProject
Global
	GlobalSection(SolutionConfigurationPlatforms) = preSolution
		Debug|Any CPU = Debug|Any CPU
		Release|Any CPU = Release|Any CPU
	EndGlobalSection
	GlobalSection(ProjectConfigurationPlatforms) = postSolution
		{CCC59485-C2F9-4851-9E5A-9BFD49E8C294}.Debug|Any CPU.ActiveCfg = Debug|Any CPU
		{CCC59485-C2F9-4851-9E5A-9BFD49E8C294}.Debug|Any CPU.Build.0 = Debug|Any CPU
		{CCC59485-C2F9-4851-9E5A-9BFD49E8C294}.Release|Any CPU.ActiveCfg = Release|Any CPU
		{CCC59485-C2F9-4851-9E5A-9BFD49E8C294}.Release|Any CPU.Build.0 = Release|Any CPU
		{FA22365F-3003-4E4D-9CB8-D9436C3352DC}.Debug|Any CPU.ActiveCfg = Debug|Any CPU
		{FA22365F-3003-4E4D-9CB8-D9436C3352DC}.Debug|Any CPU.Build.0 = Debug|Any CPU
		{FA22365F-3003-4E4D-9CB8-D9436C3352DC}.Release|Any CPU.ActiveCfg = Release|Any CPU
		{FA22365F-3003-4E4D-9CB8-D9436C3352DC}.Release|Any CPU.Build.0 = Release|Any CPU
	EndGlobalSection
	GlobalSection(SolutionProperties) = preSolution
		HideSolutionNode = FALSE
	EndGlobalSection
	GlobalSection(ExtensibilityGlobals) = postSolution
		SolutionGuid = {2EEE0E53-C26F-40B4-98E7-CECB8EC8068C}
	EndGlobalSection
EndGlobal
